hash: 34816770e3ec91e118b54593c9e9aadae91e9effdd20af15fbf95f1c04ece5c0
updated: 2018-11-02T15:18:57.438840577-04:00
imports:
- name: github.com/contiv/libOpenflow
  version: cb1835d1c11f5810c2fcf404a6d1eb907168f951
  subpackages:
  - util
- name: github.com/konsorten/go-windows-terminal-sequences
  version: 5c8c8bd35d3832f5d134ae1e1e375b69a4d25242
- name: github.com/serngawy/libOpenflow
  version: 94a627c0bd9da727b38945578b26998a433e9242
  subpackages:
  - common
  - ofctrl
  - openflow13
  - protocol
  - util
- name: github.com/Sirupsen/logrus
  version: bcd833dfe83d3cebad139e4a29ed79cb2318bf95
- name: golang.org/x/crypto
  version: 4d3f4d9ffa16a13f451c3b2999e9c49e9750bf06
  subpackages:
  - ssh/terminal
- name: golang.org/x/sys
  version: 95c6576299259db960f6c5b9b69ea52422860fce
  subpackages:
  - unix
  - windows
testImports: []
